// !$*UTF8*$!
{
	archiveVersion = 1;
	classes = {
	};
	objectVersion = 46;
	objects = {

/* Begin PBXBuildFile section */
		0C4EC45B1EF962DB008F81BC /* UIImage+ExtensionR.m in Sources */ = {isa = PBXBuildFile; fileRef = 0C4EC4581EF962DB008F81BC /* UIImage+ExtensionR.m */; };
		0C4EC45C1EF962DB008F81BC /* UIImageView+Hack.m in Sources */ = {isa = PBXBuildFile; fileRef = 0C4EC45A1EF962DB008F81BC /* UIImageView+Hack.m */; };
		0CEFA4111EF424AF00F0E279 /* ALMacro.swift in Sources */ = {isa = PBXBuildFile; fileRef = 0CEFA4101EF424AF00F0E279 /* ALMacro.swift */; };
		4E1A2BFE1EF233090029A3D2 /* AppDelegate.swift in Sources */ = {isa = PBXBuildFile; fileRef = 4E1A2BFD1EF233090029A3D2 /* AppDelegate.swift */; };
		4E1A2C001EF233090029A3D2 /* ViewController.swift in Sources */ = {isa = PBXBuildFile; fileRef = 4E1A2BFF1EF233090029A3D2 /* ViewController.swift */; };
		4E1A2C031EF233090029A3D2 /* Main.storyboard in Resources */ = {isa = PBXBuildFile; fileRef = 4E1A2C011EF233090029A3D2 /* Main.storyboard */; };
		4E1A2C051EF233090029A3D2 /* Assets.xcassets in Resources */ = {isa = PBXBuildFile; fileRef = 4E1A2C041EF233090029A3D2 /* Assets.xcassets */; };
		4E1A2C081EF233090029A3D2 /* LaunchScreen.storyboard in Resources */ = {isa = PBXBuildFile; fileRef = 4E1A2C061EF233090029A3D2 /* LaunchScreen.storyboard */; };
		4E1A2C131EF233090029A3D2 /* SwiftContentTests.swift in Sources */ = {isa = PBXBuildFile; fileRef = 4E1A2C121EF233090029A3D2 /* SwiftContentTests.swift */; };
		4E1A2C1E1EF233090029A3D2 /* SwiftContentUITests.swift in Sources */ = {isa = PBXBuildFile; fileRef = 4E1A2C1D1EF233090029A3D2 /* SwiftContentUITests.swift */; };
		4E1A2C3A1EF234670029A3D2 /* StringE.swift in Sources */ = {isa = PBXBuildFile; fileRef = 4E1A2C2F1EF234670029A3D2 /* StringE.swift */; };
		4E1A2C3B1EF234670029A3D2 /* Contera.swift in Sources */ = {isa = PBXBuildFile; fileRef = 4E1A2C311EF234670029A3D2 /* Contera.swift */; };
		4E1A2C3C1EF234670029A3D2 /* EquilateralTriangle.swift in Sources */ = {isa = PBXBuildFile; fileRef = 4E1A2C321EF234670029A3D2 /* EquilateralTriangle.swift */; };
		4E1A2C3D1EF234670029A3D2 /* Int.swift in Sources */ = {isa = PBXBuildFile; fileRef = 4E1A2C331EF234670029A3D2 /* Int.swift */; };
		4E1A2C3E1EF234670029A3D2 /* IntStack.swift in Sources */ = {isa = PBXBuildFile; fileRef = 4E1A2C341EF234670029A3D2 /* IntStack.swift */; };
		4E1A2C3F1EF234670029A3D2 /* NamedShape.swift in Sources */ = {isa = PBXBuildFile; fileRef = 4E1A2C351EF234670029A3D2 /* NamedShape.swift */; };
		4E1A2C401EF234670029A3D2 /* SimpleClass.swift in Sources */ = {isa = PBXBuildFile; fileRef = 4E1A2C361EF234670029A3D2 /* SimpleClass.swift */; };
		4E1A2C411EF234670029A3D2 /* SimpleStructure.swift in Sources */ = {isa = PBXBuildFile; fileRef = 4E1A2C371EF234670029A3D2 /* SimpleStructure.swift */; };
		4E1A2C421EF234670029A3D2 /* Square.swift in Sources */ = {isa = PBXBuildFile; fileRef = 4E1A2C381EF234670029A3D2 /* Square.swift */; };
		4E1A2C431EF234670029A3D2 /* TriangleAndSquare.swift in Sources */ = {isa = PBXBuildFile; fileRef = 4E1A2C391EF234670029A3D2 /* TriangleAndSquare.swift */; };
		4E1A2C461EF236470029A3D2 /* ArrayE.swift in Sources */ = {isa = PBXBuildFile; fileRef = 4E1A2C451EF236470029A3D2 /* ArrayE.swift */; };
		4E1A2C481EF250DD0029A3D2 /* SetE.swift in Sources */ = {isa = PBXBuildFile; fileRef = 4E1A2C471EF250DD0029A3D2 /* SetE.swift */; };
		4E1A2C4A1EF275070029A3D2 /* DictionaryE.swift in Sources */ = {isa = PBXBuildFile; fileRef = 4E1A2C491EF275070029A3D2 /* DictionaryE.swift */; };
		4E1A2C4D1EF279CE0029A3D2 /* LimitE.swift in Sources */ = {isa = PBXBuildFile; fileRef = 4E1A2C4C1EF279CE0029A3D2 /* LimitE.swift */; };
		4E4DD2841EF75751003CD2D4 /* Array+Extension.swift in Sources */ = {isa = PBXBuildFile; fileRef = 4E4DD2831EF75751003CD2D4 /* Array+Extension.swift */; };
		4E4DD2861EF764FC003CD2D4 /* Matrix.swift in Sources */ = {isa = PBXBuildFile; fileRef = 4E4DD2851EF764FC003CD2D4 /* Matrix.swift */; };
		4E4DD2891EF768A5003CD2D4 /* Vehicle.swift in Sources */ = {isa = PBXBuildFile; fileRef = 4E4DD2881EF768A5003CD2D4 /* Vehicle.swift */; };
		4E4DD28B1EF769BD003CD2D4 /* Bicycle.swift in Sources */ = {isa = PBXBuildFile; fileRef = 4E4DD28A1EF769BD003CD2D4 /* Bicycle.swift */; };
		4E4DD28D1EF76A47003CD2D4 /* Tandem.swift in Sources */ = {isa = PBXBuildFile; fileRef = 4E4DD28C1EF76A47003CD2D4 /* Tandem.swift */; };
		4E4DD2921EF794F7003CD2D4 /* Food.swift in Sources */ = {isa = PBXBuildFile; fileRef = 4E4DD2911EF794F7003CD2D4 /* Food.swift */; };
		4E4DD2941EF795CB003CD2D4 /* RecipeIngredient.swift in Sources */ = {isa = PBXBuildFile; fileRef = 4E4DD2931EF795CB003CD2D4 /* RecipeIngredient.swift */; };
		4E4DD2961EF7999D003CD2D4 /* ShoppingListItem.swift in Sources */ = {isa = PBXBuildFile; fileRef = 4E4DD2951EF7999D003CD2D4 /* ShoppingListItem.swift */; };
		4E4DD2981EF79C3A003CD2D4 /* Animal.swift in Sources */ = {isa = PBXBuildFile; fileRef = 4E4DD2971EF79C3A003CD2D4 /* Animal.swift */; };
		4E4DD29A1EF7A00C003CD2D4 /* Product.swift in Sources */ = {isa = PBXBuildFile; fileRef = 4E4DD2991EF7A00C003CD2D4 /* Product.swift */; };
		4E4DD29C1EF7A02B003CD2D4 /* CartItem.swift in Sources */ = {isa = PBXBuildFile; fileRef = 4E4DD29B1EF7A02B003CD2D4 /* CartItem.swift */; };
		4E4DD29E1EF7A126003CD2D4 /* Document.swift in Sources */ = {isa = PBXBuildFile; fileRef = 4E4DD29D1EF7A126003CD2D4 /* Document.swift */; };
		4E4DD2A01EF7A165003CD2D4 /* AutomaticallyNamedDocument.swift in Sources */ = {isa = PBXBuildFile; fileRef = 4E4DD29F1EF7A165003CD2D4 /* AutomaticallyNamedDocument.swift */; };
		4E4DD2A21EF7A230003CD2D4 /* UntitledDocument.swift in Sources */ = {isa = PBXBuildFile; fileRef = 4E4DD2A11EF7A230003CD2D4 /* UntitledDocument.swift */; };
		4E4DD2A41EF7A39D003CD2D4 /* Checkerboard.swift in Sources */ = {isa = PBXBuildFile; fileRef = 4E4DD2A31EF7A39D003CD2D4 /* Checkerboard.swift */; };
		4E4DD2A71EF7B0A7003CD2D4 /* Bank.swift in Sources */ = {isa = PBXBuildFile; fileRef = 4E4DD2A61EF7B0A7003CD2D4 /* Bank.swift */; };
		4E4DD2A91EF7B18A003CD2D4 /* Players.swift in Sources */ = {isa = PBXBuildFile; fileRef = 4E4DD2A81EF7B18A003CD2D4 /* Players.swift */; };
		4E4DD2AC1EF7BC09003CD2D4 /* Country.swift in Sources */ = {isa = PBXBuildFile; fileRef = 4E4DD2AB1EF7BC09003CD2D4 /* Country.swift */; };
		4E4DD2AE1EF7BC42003CD2D4 /* Customer.swift in Sources */ = {isa = PBXBuildFile; fileRef = 4E4DD2AD1EF7BC42003CD2D4 /* Customer.swift */; };
		4E4DD2B01EF7BC74003CD2D4 /* Person.swift in Sources */ = {isa = PBXBuildFile; fileRef = 4E4DD2AF1EF7BC74003CD2D4 /* Person.swift */; };
		4E4DD2B21EF7BD1E003CD2D4 /* HTMLElement.swift in Sources */ = {isa = PBXBuildFile; fileRef = 4E4DD2B11EF7BD1E003CD2D4 /* HTMLElement.swift */; };
		4EE6E34A1EF36EFC00EB19C4 /* FunctionE.swift in Sources */ = {isa = PBXBuildFile; fileRef = 4EE6E3491EF36EFC00EB19C4 /* FunctionE.swift */; };
		4EE6E34D1EF37C5600EB19C4 /* ClosureE.swift in Sources */ = {isa = PBXBuildFile; fileRef = 4EE6E34C1EF37C5600EB19C4 /* ClosureE.swift */; };
		4EE6E3501EF3A42900EB19C4 /* EnumE.swift in Sources */ = {isa = PBXBuildFile; fileRef = 4EE6E34F1EF3A42900EB19C4 /* EnumE.swift */; };
		4EE6E3531EF3B1B900EB19C4 /* Resolution.swift in Sources */ = {isa = PBXBuildFile; fileRef = 4EE6E3521EF3B1B900EB19C4 /* Resolution.swift */; };
		4EE6E3551EF3C37200EB19C4 /* AudioChannel.swift in Sources */ = {isa = PBXBuildFile; fileRef = 4EE6E3541EF3C37200EB19C4 /* AudioChannel.swift */; };
		4EE6E3571EF3D0CA00EB19C4 /* LevelTracker.swift in Sources */ = {isa = PBXBuildFile; fileRef = 4EE6E3561EF3D0CA00EB19C4 /* LevelTracker.swift */; };
		4EE6E3591EF3D2C300EB19C4 /* Player.swift in Sources */ = {isa = PBXBuildFile; fileRef = 4EE6E3581EF3D2C300EB19C4 /* Player.swift */; };
		4EE6E35C1EF3D61B00EB19C4 /* TimesTable.swift in Sources */ = {isa = PBXBuildFile; fileRef = 4EE6E35B1EF3D61B00EB19C4 /* TimesTable.swift */; };
/* End PBXBuildFile section */

/* Begin PBXContainerItemProxy section */
		4E1A2C0F1EF233090029A3D2 /* PBXContainerItemProxy */ = {
			isa = PBXContainerItemProxy;
			containerPortal = 4E1A2BF21EF233090029A3D2 /* Project object */;
			proxyType = 1;
			remoteGlobalIDString = 4E1A2BF91EF233090029A3D2;
			remoteInfo = SwiftContent;
		};
		4E1A2C1A1EF233090029A3D2 /* PBXContainerItemProxy */ = {
			isa = PBXContainerItemProxy;
			containerPortal = 4E1A2BF21EF233090029A3D2 /* Project object */;
			proxyType = 1;
			remoteGlobalIDString = 4E1A2BF91EF233090029A3D2;
			remoteInfo = SwiftContent;
		};
/* End PBXContainerItemProxy section */

/* Begin PBXFileReference section */
		0C4EC4561EF962DA008F81BC /* SwiftContent-Bridging-Header.h */ = {isa = PBXFileReference; lastKnownFileType = sourcecode.c.h; path = "SwiftContent-Bridging-Header.h"; sourceTree = "<group>"; };
		0C4EC4571EF962DB008F81BC /* UIImage+ExtensionR.h */ = {isa = PBXFileReference; fileEncoding = 4; lastKnownFileType = sourcecode.c.h; path = "UIImage+ExtensionR.h"; sourceTree = "<group>"; };
		0C4EC4581EF962DB008F81BC /* UIImage+ExtensionR.m */ = {isa = PBXFileReference; fileEncoding = 4; lastKnownFileType = sourcecode.c.objc; path = "UIImage+ExtensionR.m"; sourceTree = "<group>"; };
		0C4EC4591EF962DB008F81BC /* UIImageView+Hack.h */ = {isa = PBXFileReference; fileEncoding = 4; lastKnownFileType = sourcecode.c.h; path = "UIImageView+Hack.h"; sourceTree = "<group>"; };
		0C4EC45A1EF962DB008F81BC /* UIImageView+Hack.m */ = {isa = PBXFileReference; fileEncoding = 4; lastKnownFileType = sourcecode.c.objc; path = "UIImageView+Hack.m"; sourceTree = "<group>"; };
		0CEFA4101EF424AF00F0E279 /* ALMacro.swift */ = {isa = PBXFileReference; fileEncoding = 4; lastKnownFileType = sourcecode.swift; path = ALMacro.swift; sourceTree = "<group>"; };
		4E1A2BFA1EF233090029A3D2 /* SwiftContent.app */ = {isa = PBXFileReference; explicitFileType = wrapper.application; includeInIndex = 0; path = SwiftContent.app; sourceTree = BUILT_PRODUCTS_DIR; };
		4E1A2BFD1EF233090029A3D2 /* AppDelegate.swift */ = {isa = PBXFileReference; lastKnownFileType = sourcecode.swift; path = AppDelegate.swift; sourceTree = "<group>"; };
		4E1A2BFF1EF233090029A3D2 /* ViewController.swift */ = {isa = PBXFileReference; lastKnownFileType = sourcecode.swift; path = ViewController.swift; sourceTree = "<group>"; };
		4E1A2C021EF233090029A3D2 /* Base */ = {isa = PBXFileReference; lastKnownFileType = file.storyboard; name = Base; path = Base.lproj/Main.storyboard; sourceTree = "<group>"; };
		4E1A2C041EF233090029A3D2 /* Assets.xcassets */ = {isa = PBXFileReference; lastKnownFileType = folder.assetcatalog; path = Assets.xcassets; sourceTree = "<group>"; };
		4E1A2C071EF233090029A3D2 /* Base */ = {isa = PBXFileReference; lastKnownFileType = file.storyboard; name = Base; path = Base.lproj/LaunchScreen.storyboard; sourceTree = "<group>"; };
		4E1A2C091EF233090029A3D2 /* Info.plist */ = {isa = PBXFileReference; lastKnownFileType = text.plist.xml; path = Info.plist; sourceTree = "<group>"; };
		4E1A2C0E1EF233090029A3D2 /* SwiftContentTests.xctest */ = {isa = PBXFileReference; explicitFileType = wrapper.cfbundle; includeInIndex = 0; path = SwiftContentTests.xctest; sourceTree = BUILT_PRODUCTS_DIR; };
		4E1A2C121EF233090029A3D2 /* SwiftContentTests.swift */ = {isa = PBXFileReference; lastKnownFileType = sourcecode.swift; path = SwiftContentTests.swift; sourceTree = "<group>"; };
		4E1A2C141EF233090029A3D2 /* Info.plist */ = {isa = PBXFileReference; lastKnownFileType = text.plist.xml; path = Info.plist; sourceTree = "<group>"; };
		4E1A2C191EF233090029A3D2 /* SwiftContentUITests.xctest */ = {isa = PBXFileReference; explicitFileType = wrapper.cfbundle; includeInIndex = 0; path = SwiftContentUITests.xctest; sourceTree = BUILT_PRODUCTS_DIR; };
		4E1A2C1D1EF233090029A3D2 /* SwiftContentUITests.swift */ = {isa = PBXFileReference; lastKnownFileType = sourcecode.swift; path = SwiftContentUITests.swift; sourceTree = "<group>"; };
		4E1A2C1F1EF233090029A3D2 /* Info.plist */ = {isa = PBXFileReference; lastKnownFileType = text.plist.xml; path = Info.plist; sourceTree = "<group>"; };
		4E1A2C2F1EF234670029A3D2 /* StringE.swift */ = {isa = PBXFileReference; fileEncoding = 4; lastKnownFileType = sourcecode.swift; path = StringE.swift; sourceTree = "<group>"; };
		4E1A2C311EF234670029A3D2 /* Contera.swift */ = {isa = PBXFileReference; fileEncoding = 4; lastKnownFileType = sourcecode.swift; path = Contera.swift; sourceTree = "<group>"; };
		4E1A2C321EF234670029A3D2 /* EquilateralTriangle.swift */ = {isa = PBXFileReference; fileEncoding = 4; lastKnownFileType = sourcecode.swift; path = EquilateralTriangle.swift; sourceTree = "<group>"; };
		4E1A2C331EF234670029A3D2 /* Int.swift */ = {isa = PBXFileReference; fileEncoding = 4; lastKnownFileType = sourcecode.swift; path = Int.swift; sourceTree = "<group>"; };
		4E1A2C341EF234670029A3D2 /* IntStack.swift */ = {isa = PBXFileReference; fileEncoding = 4; lastKnownFileType = sourcecode.swift; path = IntStack.swift; sourceTree = "<group>"; };
		4E1A2C351EF234670029A3D2 /* NamedShape.swift */ = {isa = PBXFileReference; fileEncoding = 4; lastKnownFileType = sourcecode.swift; path = NamedShape.swift; sourceTree = "<group>"; };
		4E1A2C361EF234670029A3D2 /* SimpleClass.swift */ = {isa = PBXFileReference; fileEncoding = 4; lastKnownFileType = sourcecode.swift; path = SimpleClass.swift; sourceTree = "<group>"; };
		4E1A2C371EF234670029A3D2 /* SimpleStructure.swift */ = {isa = PBXFileReference; fileEncoding = 4; lastKnownFileType = sourcecode.swift; path = SimpleStructure.swift; sourceTree = "<group>"; };
		4E1A2C381EF234670029A3D2 /* Square.swift */ = {isa = PBXFileReference; fileEncoding = 4; lastKnownFileType = sourcecode.swift; path = Square.swift; sourceTree = "<group>"; };
		4E1A2C391EF234670029A3D2 /* TriangleAndSquare.swift */ = {isa = PBXFileReference; fileEncoding = 4; lastKnownFileType = sourcecode.swift; path = TriangleAndSquare.swift; sourceTree = "<group>"; };
		4E1A2C451EF236470029A3D2 /* ArrayE.swift */ = {isa = PBXFileReference; fileEncoding = 4; lastKnownFileType = sourcecode.swift; path = ArrayE.swift; sourceTree = "<group>"; };
		4E1A2C471EF250DD0029A3D2 /* SetE.swift */ = {isa = PBXFileReference; fileEncoding = 4; lastKnownFileType = sourcecode.swift; path = SetE.swift; sourceTree = "<group>"; };
		4E1A2C491EF275070029A3D2 /* DictionaryE.swift */ = {isa = PBXFileReference; fileEncoding = 4; lastKnownFileType = sourcecode.swift; path = DictionaryE.swift; sourceTree = "<group>"; };
		4E1A2C4C1EF279CE0029A3D2 /* LimitE.swift */ = {isa = PBXFileReference; fileEncoding = 4; lastKnownFileType = sourcecode.swift; path = LimitE.swift; sourceTree = "<group>"; };
		4E4DD2831EF75751003CD2D4 /* Array+Extension.swift */ = {isa = PBXFileReference; fileEncoding = 4; lastKnownFileType = sourcecode.swift; path = "Array+Extension.swift"; sourceTree = "<group>"; };
		4E4DD2851EF764FC003CD2D4 /* Matrix.swift */ = {isa = PBXFileReference; fileEncoding = 4; lastKnownFileType = sourcecode.swift; path = Matrix.swift; sourceTree = "<group>"; };
		4E4DD2881EF768A5003CD2D4 /* Vehicle.swift */ = {isa = PBXFileReference; fileEncoding = 4; lastKnownFileType = sourcecode.swift; path = Vehicle.swift; sourceTree = "<group>"; };
		4E4DD28A1EF769BD003CD2D4 /* Bicycle.swift */ = {isa = PBXFileReference; fileEncoding = 4; lastKnownFileType = sourcecode.swift; path = Bicycle.swift; sourceTree = "<group>"; };
		4E4DD28C1EF76A47003CD2D4 /* Tandem.swift */ = {isa = PBXFileReference; fileEncoding = 4; lastKnownFileType = sourcecode.swift; path = Tandem.swift; sourceTree = "<group>"; };
		4E4DD2911EF794F7003CD2D4 /* Food.swift */ = {isa = PBXFileReference; fileEncoding = 4; lastKnownFileType = sourcecode.swift; path = Food.swift; sourceTree = "<group>"; };
		4E4DD2931EF795CB003CD2D4 /* RecipeIngredient.swift */ = {isa = PBXFileReference; fileEncoding = 4; lastKnownFileType = sourcecode.swift; path = RecipeIngredient.swift; sourceTree = "<group>"; };
		4E4DD2951EF7999D003CD2D4 /* ShoppingListItem.swift */ = {isa = PBXFileReference; fileEncoding = 4; lastKnownFileType = sourcecode.swift; path = ShoppingListItem.swift; sourceTree = "<group>"; };
		4E4DD2971EF79C3A003CD2D4 /* Animal.swift */ = {isa = PBXFileReference; fileEncoding = 4; lastKnownFileType = sourcecode.swift; path = Animal.swift; sourceTree = "<group>"; };
		4E4DD2991EF7A00C003CD2D4 /* Product.swift */ = {isa = PBXFileReference; fileEncoding = 4; lastKnownFileType = sourcecode.swift; path = Product.swift; sourceTree = "<group>"; };
		4E4DD29B1EF7A02B003CD2D4 /* CartItem.swift */ = {isa = PBXFileReference; fileEncoding = 4; lastKnownFileType = sourcecode.swift; path = CartItem.swift; sourceTree = "<group>"; };
		4E4DD29D1EF7A126003CD2D4 /* Document.swift */ = {isa = PBXFileReference; fileEncoding = 4; lastKnownFileType = sourcecode.swift; path = Document.swift; sourceTree = "<group>"; };
		4E4DD29F1EF7A165003CD2D4 /* AutomaticallyNamedDocument.swift */ = {isa = PBXFileReference; fileEncoding = 4; lastKnownFileType = sourcecode.swift; path = AutomaticallyNamedDocument.swift; sourceTree = "<group>"; };
		4E4DD2A11EF7A230003CD2D4 /* UntitledDocument.swift */ = {isa = PBXFileReference; fileEncoding = 4; lastKnownFileType = sourcecode.swift; path = UntitledDocument.swift; sourceTree = "<group>"; };
		4E4DD2A31EF7A39D003CD2D4 /* Checkerboard.swift */ = {isa = PBXFileReference; fileEncoding = 4; lastKnownFileType = sourcecode.swift; path = Checkerboard.swift; sourceTree = "<group>"; };
		4E4DD2A61EF7B0A7003CD2D4 /* Bank.swift */ = {isa = PBXFileReference; fileEncoding = 4; lastKnownFileType = sourcecode.swift; path = Bank.swift; sourceTree = "<group>"; };
		4E4DD2A81EF7B18A003CD2D4 /* Players.swift */ = {isa = PBXFileReference; fileEncoding = 4; lastKnownFileType = sourcecode.swift; path = Players.swift; sourceTree = "<group>"; };
		4E4DD2AB1EF7BC09003CD2D4 /* Country.swift */ = {isa = PBXFileReference; fileEncoding = 4; lastKnownFileType = sourcecode.swift; path = Country.swift; sourceTree = "<group>"; };
		4E4DD2AD1EF7BC42003CD2D4 /* Customer.swift */ = {isa = PBXFileReference; fileEncoding = 4; lastKnownFileType = sourcecode.swift; path = Customer.swift; sourceTree = "<group>"; };
		4E4DD2AF1EF7BC74003CD2D4 /* Person.swift */ = {isa = PBXFileReference; fileEncoding = 4; lastKnownFileType = sourcecode.swift; path = Person.swift; sourceTree = "<group>"; };
		4E4DD2B11EF7BD1E003CD2D4 /* HTMLElement.swift */ = {isa = PBXFileReference; fileEncoding = 4; lastKnownFileType = sourcecode.swift; path = HTMLElement.swift; sourceTree = "<group>"; };
		4EE6E3491EF36EFC00EB19C4 /* FunctionE.swift */ = {isa = PBXFileReference; fileEncoding = 4; lastKnownFileType = sourcecode.swift; path = FunctionE.swift; sourceTree = "<group>"; };
		4EE6E34C1EF37C5600EB19C4 /* ClosureE.swift */ = {isa = PBXFileReference; fileEncoding = 4; lastKnownFileType = sourcecode.swift; path = ClosureE.swift; sourceTree = "<group>"; };
		4EE6E34F1EF3A42900EB19C4 /* EnumE.swift */ = {isa = PBXFileReference; fileEncoding = 4; lastKnownFileType = sourcecode.swift; path = EnumE.swift; sourceTree = "<group>"; };
		4EE6E3521EF3B1B900EB19C4 /* Resolution.swift */ = {isa = PBXFileReference; fileEncoding = 4; lastKnownFileType = sourcecode.swift; path = Resolution.swift; sourceTree = "<group>"; };
		4EE6E3541EF3C37200EB19C4 /* AudioChannel.swift */ = {isa = PBXFileReference; fileEncoding = 4; lastKnownFileType = sourcecode.swift; path = AudioChannel.swift; sourceTree = "<group>"; };
		4EE6E3561EF3D0CA00EB19C4 /* LevelTracker.swift */ = {isa = PBXFileReference; fileEncoding = 4; lastKnownFileType = sourcecode.swift; path = LevelTracker.swift; sourceTree = "<group>"; };
		4EE6E3581EF3D2C300EB19C4 /* Player.swift */ = {isa = PBXFileReference; fileEncoding = 4; lastKnownFileType = sourcecode.swift; path = Player.swift; sourceTree = "<group>"; };
		4EE6E35B1EF3D61B00EB19C4 /* TimesTable.swift */ = {isa = PBXFileReference; fileEncoding = 4; lastKnownFileType = sourcecode.swift; path = TimesTable.swift; sourceTree = "<group>"; };
/* End PBXFileReference section */

/* Begin PBXFrameworksBuildPhase section */
		4E1A2BF71EF233090029A3D2 /* Frameworks */ = {
			isa = PBXFrameworksBuildPhase;
			buildActionMask = 2147483647;
			files = (
			);
			runOnlyForDeploymentPostprocessing = 0;
		};
		4E1A2C0B1EF233090029A3D2 /* Frameworks */ = {
			isa = PBXFrameworksBuildPhase;
			buildActionMask = 2147483647;
			files = (
			);
			runOnlyForDeploymentPostprocessing = 0;
		};
		4E1A2C161EF233090029A3D2 /* Frameworks */ = {
			isa = PBXFrameworksBuildPhase;
			buildActionMask = 2147483647;
			files = (
			);
			runOnlyForDeploymentPostprocessing = 0;
		};
/* End PBXFrameworksBuildPhase section */

/* Begin PBXGroup section */
		0CEFA40F1EF424A400F0E279 /* Common */ = {
			isa = PBXGroup;
			children = (
				0C4EC4571EF962DB008F81BC /* UIImage+ExtensionR.h */,
				0C4EC4581EF962DB008F81BC /* UIImage+ExtensionR.m */,
				0C4EC4591EF962DB008F81BC /* UIImageView+Hack.h */,
				0C4EC45A1EF962DB008F81BC /* UIImageView+Hack.m */,
				0CEFA4101EF424AF00F0E279 /* ALMacro.swift */,
				0C4EC4561EF962DA008F81BC /* SwiftContent-Bridging-Header.h */,
			);
			path = Common;
			sourceTree = "<group>";
		};
		4E1A2BF11EF233090029A3D2 = {
			isa = PBXGroup;
			children = (
				4E1A2BFC1EF233090029A3D2 /* SwiftContent */,
				4E1A2C111EF233090029A3D2 /* SwiftContentTests */,
				4E1A2C1C1EF233090029A3D2 /* SwiftContentUITests */,
				4E1A2BFB1EF233090029A3D2 /* Products */,
			);
			sourceTree = "<group>";
		};
		4E1A2BFB1EF233090029A3D2 /* Products */ = {
			isa = PBXGroup;
			children = (
				4E1A2BFA1EF233090029A3D2 /* SwiftContent.app */,
				4E1A2C0E1EF233090029A3D2 /* SwiftContentTests.xctest */,
				4E1A2C191EF233090029A3D2 /* SwiftContentUITests.xctest */,
			);
			name = Products;
			sourceTree = "<group>";
		};
		4E1A2BFC1EF233090029A3D2 /* SwiftContent */ = {
			isa = PBXGroup;
			children = (
				4E1A2C2D1EF234670029A3D2 /* Classes */,
				4E1A2BFD1EF233090029A3D2 /* AppDelegate.swift */,
				4E1A2BFF1EF233090029A3D2 /* ViewController.swift */,
				4E1A2C011EF233090029A3D2 /* Main.storyboard */,
				4E1A2C041EF233090029A3D2 /* Assets.xcassets */,
				4E1A2C061EF233090029A3D2 /* LaunchScreen.storyboard */,
				4E1A2C091EF233090029A3D2 /* Info.plist */,
			);
			path = SwiftContent;
			sourceTree = "<group>";
		};
		4E1A2C111EF233090029A3D2 /* SwiftContentTests */ = {
			isa = PBXGroup;
			children = (
				4E1A2C121EF233090029A3D2 /* SwiftContentTests.swift */,
				4E1A2C141EF233090029A3D2 /* Info.plist */,
			);
			path = SwiftContentTests;
			sourceTree = "<group>";
		};
		4E1A2C1C1EF233090029A3D2 /* SwiftContentUITests */ = {
			isa = PBXGroup;
			children = (
				4E1A2C1D1EF233090029A3D2 /* SwiftContentUITests.swift */,
				4E1A2C1F1EF233090029A3D2 /* Info.plist */,
			);
			path = SwiftContentUITests;
			sourceTree = "<group>";
		};
		4E1A2C2D1EF234670029A3D2 /* Classes */ = {
			isa = PBXGroup;
			children = (
				4E4DD2B31EF7C9E7003CD2D4 /* 2.18错误处理 */,
				4E4DD2AA1EF7B8E0003CD2D4 /* 2.16自动引用计数 */,
				4E4DD2A51EF7B011003CD2D4 /* 2.15析构过程 */,
				4E4DD28E1EF7937C003CD2D4 /* 2.14构造过程 */,
				4E4DD2871EF76884003CD2D4 /* 2.13继承 */,
				4E4DD2821EF75731003CD2D4 /* 扩展 */,
				0CEFA40F1EF424A400F0E279 /* Common */,
				4EE6E35A1EF3D53B00EB19C4 /* 2.12下标 */,
				4EE6E3511EF3AE5800EB19C4 /* 类和结构体 */,
				4EE6E34E1EF3A41800EB19C4 /* 枚举 */,
				4EE6E34B1EF37C0600EB19C4 /* 闭包 */,
				4EE6E3441EF36EA100EB19C4 /* 函数 */,
				4E1A2C4B1EF279AF0029A3D2 /* 控制流 */,
				4E1A2C441EF235C30029A3D2 /* CollectionTypes */,
				4E1A2C2E1EF234670029A3D2 /* String */,
				4E1A2C301EF234670029A3D2 /* SystemStudy */,
			);
			path = Classes;
			sourceTree = "<group>";
		};
		4E1A2C2E1EF234670029A3D2 /* String */ = {
			isa = PBXGroup;
			children = (
				4E1A2C2F1EF234670029A3D2 /* StringE.swift */,
			);
			path = String;
			sourceTree = "<group>";
		};
		4E1A2C301EF234670029A3D2 /* SystemStudy */ = {
			isa = PBXGroup;
			children = (
				4E1A2C311EF234670029A3D2 /* Contera.swift */,
				4E1A2C321EF234670029A3D2 /* EquilateralTriangle.swift */,
				4E1A2C331EF234670029A3D2 /* Int.swift */,
				4E1A2C341EF234670029A3D2 /* IntStack.swift */,
				4E1A2C351EF234670029A3D2 /* NamedShape.swift */,
				4E1A2C361EF234670029A3D2 /* SimpleClass.swift */,
				4E1A2C371EF234670029A3D2 /* SimpleStructure.swift */,
				4E1A2C381EF234670029A3D2 /* Square.swift */,
				4E1A2C391EF234670029A3D2 /* TriangleAndSquare.swift */,
			);
			path = SystemStudy;
			sourceTree = "<group>";
		};
		4E1A2C441EF235C30029A3D2 /* CollectionTypes */ = {
			isa = PBXGroup;
			children = (
				4E1A2C451EF236470029A3D2 /* ArrayE.swift */,
				4E1A2C471EF250DD0029A3D2 /* SetE.swift */,
				4E1A2C491EF275070029A3D2 /* DictionaryE.swift */,
			);
			path = CollectionTypes;
			sourceTree = "<group>";
		};
		4E1A2C4B1EF279AF0029A3D2 /* 控制流 */ = {
			isa = PBXGroup;
			children = (
				4E1A2C4C1EF279CE0029A3D2 /* LimitE.swift */,
			);
			path = "控制流";
			sourceTree = "<group>";
		};
		4E4DD2821EF75731003CD2D4 /* 扩展 */ = {
			isa = PBXGroup;
			children = (
				4E4DD2831EF75751003CD2D4 /* Array+Extension.swift */,
			);
			path = "扩展";
			sourceTree = "<group>";
		};
		4E4DD2871EF76884003CD2D4 /* 2.13继承 */ = {
			isa = PBXGroup;
			children = (
				4E4DD2881EF768A5003CD2D4 /* Vehicle.swift */,
				4E4DD28A1EF769BD003CD2D4 /* Bicycle.swift */,
				4E4DD28C1EF76A47003CD2D4 /* Tandem.swift */,
			);
			path = "2.13继承";
			sourceTree = "<group>";
		};
		4E4DD28E1EF7937C003CD2D4 /* 2.14构造过程 */ = {
			isa = PBXGroup;
			children = (
				4E4DD2911EF794F7003CD2D4 /* Food.swift */,
				4E4DD2931EF795CB003CD2D4 /* RecipeIngredient.swift */,
				4E4DD2951EF7999D003CD2D4 /* ShoppingListItem.swift */,
				4E4DD2971EF79C3A003CD2D4 /* Animal.swift */,
				4E4DD2991EF7A00C003CD2D4 /* Product.swift */,
				4E4DD29B1EF7A02B003CD2D4 /* CartItem.swift */,
				4E4DD29D1EF7A126003CD2D4 /* Document.swift */,
				4E4DD29F1EF7A165003CD2D4 /* AutomaticallyNamedDocument.swift */,
				4E4DD2A11EF7A230003CD2D4 /* UntitledDocument.swift */,
				4E4DD2A31EF7A39D003CD2D4 /* Checkerboard.swift */,
			);
			path = "2.14构造过程";
			sourceTree = "<group>";
		};
		4E4DD2A51EF7B011003CD2D4 /* 2.15析构过程 */ = {
			isa = PBXGroup;
			children = (
				4E4DD2A61EF7B0A7003CD2D4 /* Bank.swift */,
				4E4DD2A81EF7B18A003CD2D4 /* Players.swift */,
			);
			path = "2.15析构过程";
			sourceTree = "<group>";
		};
		4E4DD2AA1EF7B8E0003CD2D4 /* 2.16自动引用计数 */ = {
			isa = PBXGroup;
			children = (
				4E4DD2AB1EF7BC09003CD2D4 /* Country.swift */,
				4E4DD2AD1EF7BC42003CD2D4 /* Customer.swift */,
				4E4DD2AF1EF7BC74003CD2D4 /* Person.swift */,
				4E4DD2B11EF7BD1E003CD2D4 /* HTMLElement.swift */,
			);
			path = "2.16自动引用计数";
			sourceTree = "<group>";
		};
		4E4DD2B31EF7C9E7003CD2D4 /* 2.18错误处理 */ = {
			isa = PBXGroup;
			children = (
			);
			path = "2.18错误处理";
			sourceTree = "<group>";
		};
		4EE6E3441EF36EA100EB19C4 /* 函数 */ = {
			isa = PBXGroup;
			children = (
				4EE6E3491EF36EFC00EB19C4 /* FunctionE.swift */,
			);
			path = "函数";
			sourceTree = "<group>";
		};
		4EE6E34B1EF37C0600EB19C4 /* 闭包 */ = {
			isa = PBXGroup;
			children = (
				4EE6E34C1EF37C5600EB19C4 /* ClosureE.swift */,
			);
			path = "闭包";
			sourceTree = "<group>";
		};
		4EE6E34E1EF3A41800EB19C4 /* 枚举 */ = {
			isa = PBXGroup;
			children = (
				4EE6E34F1EF3A42900EB19C4 /* EnumE.swift */,
			);
			path = "枚举";
			sourceTree = "<group>";
		};
		4EE6E3511EF3AE5800EB19C4 /* 类和结构体 */ = {
			isa = PBXGroup;
			children = (
				4EE6E3521EF3B1B900EB19C4 /* Resolution.swift */,
				4EE6E3541EF3C37200EB19C4 /* AudioChannel.swift */,
				4EE6E3561EF3D0CA00EB19C4 /* LevelTracker.swift */,
				4EE6E3581EF3D2C300EB19C4 /* Player.swift */,
				4E4DD2851EF764FC003CD2D4 /* Matrix.swift */,
			);
			path = "类和结构体";
			sourceTree = "<group>";
		};
		4EE6E35A1EF3D53B00EB19C4 /* 2.12下标 */ = {
			isa = PBXGroup;
			children = (
				4EE6E35B1EF3D61B00EB19C4 /* TimesTable.swift */,
			);
			path = "2.12下标";
			sourceTree = "<group>";
		};
/* End PBXGroup section */

/* Begin PBXNativeTarget section */
		4E1A2BF91EF233090029A3D2 /* SwiftContent */ = {
			isa = PBXNativeTarget;
			buildConfigurationList = 4E1A2C221EF233090029A3D2 /* Build configuration list for PBXNativeTarget "SwiftContent" */;
			buildPhases = (
				4E1A2BF61EF233090029A3D2 /* Sources */,
				4E1A2BF71EF233090029A3D2 /* Frameworks */,
				4E1A2BF81EF233090029A3D2 /* Resources */,
			);
			buildRules = (
			);
			dependencies = (
			);
			name = SwiftContent;
			productName = SwiftContent;
			productReference = 4E1A2BFA1EF233090029A3D2 /* SwiftContent.app */;
			productType = "com.apple.product-type.application";
		};
		4E1A2C0D1EF233090029A3D2 /* SwiftContentTests */ = {
			isa = PBXNativeTarget;
			buildConfigurationList = 4E1A2C251EF233090029A3D2 /* Build configuration list for PBXNativeTarget "SwiftContentTests" */;
			buildPhases = (
				4E1A2C0A1EF233090029A3D2 /* Sources */,
				4E1A2C0B1EF233090029A3D2 /* Frameworks */,
				4E1A2C0C1EF233090029A3D2 /* Resources */,
			);
			buildRules = (
			);
			dependencies = (
				4E1A2C101EF233090029A3D2 /* PBXTargetDependency */,
			);
			name = SwiftContentTests;
			productName = SwiftContentTests;
			productReference = 4E1A2C0E1EF233090029A3D2 /* SwiftContentTests.xctest */;
			productType = "com.apple.product-type.bundle.unit-test";
		};
		4E1A2C181EF233090029A3D2 /* SwiftContentUITests */ = {
			isa = PBXNativeTarget;
			buildConfigurationList = 4E1A2C281EF233090029A3D2 /* Build configuration list for PBXNativeTarget "SwiftContentUITests" */;
			buildPhases = (
				4E1A2C151EF233090029A3D2 /* Sources */,
				4E1A2C161EF233090029A3D2 /* Frameworks */,
				4E1A2C171EF233090029A3D2 /* Resources */,
			);
			buildRules = (
			);
			dependencies = (
				4E1A2C1B1EF233090029A3D2 /* PBXTargetDependency */,
			);
			name = SwiftContentUITests;
			productName = SwiftContentUITests;
			productReference = 4E1A2C191EF233090029A3D2 /* SwiftContentUITests.xctest */;
			productType = "com.apple.product-type.bundle.ui-testing";
		};
/* End PBXNativeTarget section */

/* Begin PBXProject section */
		4E1A2BF21EF233090029A3D2 /* Project object */ = {
			isa = PBXProject;
			attributes = {
				LastSwiftUpdateCheck = 0830;
				LastUpgradeCheck = 0830;
				ORGANIZATIONNAME = "祁志远";
				TargetAttributes = {
					4E1A2BF91EF233090029A3D2 = {
						CreatedOnToolsVersion = 8.3.3;
						LastSwiftMigration = 0830;
						ProvisioningStyle = Automatic;
					};
					4E1A2C0D1EF233090029A3D2 = {
						CreatedOnToolsVersion = 8.3.3;
						ProvisioningStyle = Automatic;
						TestTargetID = 4E1A2BF91EF233090029A3D2;
					};
					4E1A2C181EF233090029A3D2 = {
						CreatedOnToolsVersion = 8.3.3;
						ProvisioningStyle = Automatic;
						TestTargetID = 4E1A2BF91EF233090029A3D2;
					};
				};
			};
			buildConfigurationList = 4E1A2BF51EF233090029A3D2 /* Build configuration list for PBXProject "SwiftContent" */;
			compatibilityVersion = "Xcode 3.2";
			developmentRegion = English;
			hasScannedForEncodings = 0;
			knownRegions = (
				en,
				Base,
			);
			mainGroup = 4E1A2BF11EF233090029A3D2;
			productRefGroup = 4E1A2BFB1EF233090029A3D2 /* Products */;
			projectDirPath = "";
			projectRoot = "";
			targets = (
				4E1A2BF91EF233090029A3D2 /* SwiftContent */,
				4E1A2C0D1EF233090029A3D2 /* SwiftContentTests */,
				4E1A2C181EF233090029A3D2 /* SwiftContentUITests */,
			);
		};
/* End PBXProject section */

/* Begin PBXResourcesBuildPhase section */
		4E1A2BF81EF233090029A3D2 /* Resources */ = {
			isa = PBXResourcesBuildPhase;
			buildActionMask = 2147483647;
			files = (
				4E1A2C081EF233090029A3D2 /* LaunchScreen.storyboard in Resources */,
				4E1A2C051EF233090029A3D2 /* Assets.xcassets in Resources */,
				4E1A2C031EF233090029A3D2 /* Main.storyboard in Resources */,
			);
			runOnlyForDeploymentPostprocessing = 0;
		};
		4E1A2C0C1EF233090029A3D2 /* Resources */ = {
			isa = PBXResourcesBuildPhase;
			buildActionMask = 2147483647;
			files = (
			);
			runOnlyForDeploymentPostprocessing = 0;
		};
		4E1A2C171EF233090029A3D2 /* Resources */ = {
			isa = PBXResourcesBuildPhase;
			buildActionMask = 2147483647;
			files = (
			);
			runOnlyForDeploymentPostprocessing = 0;
		};
/* End PBXResourcesBuildPhase section */

/* Begin PBXSourcesBuildPhase section */
		4E1A2BF61EF233090029A3D2 /* Sources */ = {
			isa = PBXSourcesBuildPhase;
			buildActionMask = 2147483647;
			files = (
				4E1A2C461EF236470029A3D2 /* ArrayE.swift in Sources */,
				4E4DD2981EF79C3A003CD2D4 /* Animal.swift in Sources */,
				4E4DD2961EF7999D003CD2D4 /* ShoppingListItem.swift in Sources */,
				4E4DD2B21EF7BD1E003CD2D4 /* HTMLElement.swift in Sources */,
				4E1A2C431EF234670029A3D2 /* TriangleAndSquare.swift in Sources */,
				4E4DD28D1EF76A47003CD2D4 /* Tandem.swift in Sources */,
				4E1A2C3B1EF234670029A3D2 /* Contera.swift in Sources */,
				4EE6E3531EF3B1B900EB19C4 /* Resolution.swift in Sources */,
				4E4DD2AE1EF7BC42003CD2D4 /* Customer.swift in Sources */,
				4E4DD2891EF768A5003CD2D4 /* Vehicle.swift in Sources */,
				4EE6E3591EF3D2C300EB19C4 /* Player.swift in Sources */,
				4E4DD28B1EF769BD003CD2D4 /* Bicycle.swift in Sources */,
				4EE6E35C1EF3D61B00EB19C4 /* TimesTable.swift in Sources */,
				4E1A2C3F1EF234670029A3D2 /* NamedShape.swift in Sources */,
				4EE6E34A1EF36EFC00EB19C4 /* FunctionE.swift in Sources */,
				4E4DD2AC1EF7BC09003CD2D4 /* Country.swift in Sources */,
				4E4DD2B01EF7BC74003CD2D4 /* Person.swift in Sources */,
				4E1A2C3E1EF234670029A3D2 /* IntStack.swift in Sources */,
				4E1A2C001EF233090029A3D2 /* ViewController.swift in Sources */,
				0C4EC45B1EF962DB008F81BC /* UIImage+ExtensionR.m in Sources */,
				4E1A2C421EF234670029A3D2 /* Square.swift in Sources */,
				4E4DD2841EF75751003CD2D4 /* Array+Extension.swift in Sources */,
				4E4DD2921EF794F7003CD2D4 /* Food.swift in Sources */,
				4EE6E3571EF3D0CA00EB19C4 /* LevelTracker.swift in Sources */,
				4E1A2C3C1EF234670029A3D2 /* EquilateralTriangle.swift in Sources */,
				0C4EC45C1EF962DB008F81BC /* UIImageView+Hack.m in Sources */,
				4E4DD2941EF795CB003CD2D4 /* RecipeIngredient.swift in Sources */,
				4E1A2C411EF234670029A3D2 /* SimpleStructure.swift in Sources */,
				4E4DD29E1EF7A126003CD2D4 /* Document.swift in Sources */,
				4E4DD29C1EF7A02B003CD2D4 /* CartItem.swift in Sources */,
				4E4DD2A91EF7B18A003CD2D4 /* Players.swift in Sources */,
				4EE6E3551EF3C37200EB19C4 /* AudioChannel.swift in Sources */,
				4E1A2C3D1EF234670029A3D2 /* Int.swift in Sources */,
				4E4DD2A41EF7A39D003CD2D4 /* Checkerboard.swift in Sources */,
				4E4DD2A71EF7B0A7003CD2D4 /* Bank.swift in Sources */,
				4EE6E34D1EF37C5600EB19C4 /* ClosureE.swift in Sources */,
				4E1A2C4A1EF275070029A3D2 /* DictionaryE.swift in Sources */,
				4E1A2C4D1EF279CE0029A3D2 /* LimitE.swift in Sources */,
				4E4DD29A1EF7A00C003CD2D4 /* Product.swift in Sources */,
				4E4DD2861EF764FC003CD2D4 /* Matrix.swift in Sources */,
				0CEFA4111EF424AF00F0E279 /* ALMacro.swift in Sources */,
				4EE6E3501EF3A42900EB19C4 /* EnumE.swift in Sources */,
				4E4DD2A21EF7A230003CD2D4 /* UntitledDocument.swift in Sources */,
				4E1A2C481EF250DD0029A3D2 /* SetE.swift in Sources */,
				4E4DD2A01EF7A165003CD2D4 /* AutomaticallyNamedDocument.swift in Sources */,
				4E1A2C401EF234670029A3D2 /* SimpleClass.swift in Sources */,
				4E1A2C3A1EF234670029A3D2 /* StringE.swift in Sources */,
				4E1A2BFE1EF233090029A3D2 /* AppDelegate.swift in Sources */,
			);
			runOnlyForDeploymentPostprocessing = 0;
		};
		4E1A2C0A1EF233090029A3D2 /* Sources */ = {
			isa = PBXSourcesBuildPhase;
			buildActionMask = 2147483647;
			files = (
				4E1A2C131EF233090029A3D2 /* SwiftContentTests.swift in Sources */,
			);
			runOnlyForDeploymentPostprocessing = 0;
		};
		4E1A2C151EF233090029A3D2 /* Sources */ = {
			isa = PBXSourcesBuildPhase;
			buildActionMask = 2147483647;
			files = (
				4E1A2C1E1EF233090029A3D2 /* SwiftContentUITests.swift in Sources */,
			);
			runOnlyForDeploymentPostprocessing = 0;
		};
/* End PBXSourcesBuildPhase section */

/* Begin PBXTargetDependency section */
		4E1A2C101EF233090029A3D2 /* PBXTargetDependency */ = {
			isa = PBXTargetDependency;
			target = 4E1A2BF91EF233090029A3D2 /* SwiftContent */;
			targetProxy = 4E1A2C0F1EF233090029A3D2 /* PBXContainerItemProxy */;
		};
		4E1A2C1B1EF233090029A3D2 /* PBXTargetDependency */ = {
			isa = PBXTargetDependency;
			target = 4E1A2BF91EF233090029A3D2 /* SwiftContent */;
			targetProxy = 4E1A2C1A1EF233090029A3D2 /* PBXContainerItemProxy */;
		};
/* End PBXTargetDependency section */

/* Begin PBXVariantGroup section */
		4E1A2C011EF233090029A3D2 /* Main.storyboard */ = {
			isa = PBXVariantGroup;
			children = (
				4E1A2C021EF233090029A3D2 /* Base */,
			);
			name = Main.storyboard;
			sourceTree = "<group>";
		};
		4E1A2C061EF233090029A3D2 /* LaunchScreen.storyboard */ = {
			isa = PBXVariantGroup;
			children = (
				4E1A2C071EF233090029A3D2 /* Base */,
			);
			name = LaunchScreen.storyboard;
			sourceTree = "<group>";
		};
/* End PBXVariantGroup section */

/* Begin XCBuildConfiguration section */
		4E1A2C201EF233090029A3D2 /* Debug */ = {
			isa = XCBuildConfiguration;
			buildSettings = {
				ALWAYS_SEARCH_USER_PATHS = NO;
				CLANG_ANALYZER_NONNULL = YES;
				CLANG_ANALYZER_NUMBER_OBJECT_CONVERSION = YES_AGGRESSIVE;
				CLANG_CXX_LANGUAGE_STANDARD = "gnu++0x";
				CLANG_CXX_LIBRARY = "libc++";
				CLANG_ENABLE_MODULES = YES;
				CLANG_ENABLE_OBJC_ARC = YES;
				CLANG_WARN_BOOL_CONVERSION = YES;
				CLANG_WARN_CONSTANT_CONVERSION = YES;
				CLANG_WARN_DIRECT_OBJC_ISA_USAGE = YES_ERROR;
				CLANG_WARN_DOCUMENTATION_COMMENTS = YES;
				CLANG_WARN_EMPTY_BODY = YES;
				CLANG_WARN_ENUM_CONVERSION = YES;
				CLANG_WARN_INFINITE_RECURSION = YES;
				CLANG_WARN_INT_CONVERSION = YES;
				CLANG_WARN_OBJC_ROOT_CLASS = YES_ERROR;
				CLANG_WARN_SUSPICIOUS_MOVE = YES;
				CLANG_WARN_UNREACHABLE_CODE = YES;
				CLANG_WARN__DUPLICATE_METHOD_MATCH = YES;
				"CODE_SIGN_IDENTITY[sdk=iphoneos*]" = "iPhone Developer";
				COPY_PHASE_STRIP = NO;
				DEBUG_INFORMATION_FORMAT = dwarf;
				ENABLE_STRICT_OBJC_MSGSEND = YES;
				ENABLE_TESTABILITY = YES;
				GCC_C_LANGUAGE_STANDARD = gnu99;
				GCC_DYNAMIC_NO_PIC = NO;
				GCC_NO_COMMON_BLOCKS = YES;
				GCC_OPTIMIZATION_LEVEL = 0;
				GCC_PREPROCESSOR_DEFINITIONS = (
					"DEBUG=1",
					"$(inherited)",
				);
				GCC_WARN_64_TO_32_BIT_CONVERSION = YES;
				GCC_WARN_ABOUT_RETURN_TYPE = YES_ERROR;
				GCC_WARN_UNDECLARED_SELECTOR = YES;
				GCC_WARN_UNINITIALIZED_AUTOS = YES_AGGRESSIVE;
				GCC_WARN_UNUSED_FUNCTION = YES;
				GCC_WARN_UNUSED_VARIABLE = YES;
				IPHONEOS_DEPLOYMENT_TARGET = 10.3;
				MTL_ENABLE_DEBUG_INFO = YES;
				ONLY_ACTIVE_ARCH = YES;
				SDKROOT = iphoneos;
				SWIFT_ACTIVE_COMPILATION_CONDITIONS = DEBUG;
				SWIFT_OPTIMIZATION_LEVEL = "-Onone";
				TARGETED_DEVICE_FAMILY = "1,2";
			};
			name = Debug;
		};
		4E1A2C211EF233090029A3D2 /* Release */ = {
			isa = XCBuildConfiguration;
			buildSettings = {
				ALWAYS_SEARCH_USER_PATHS = NO;
				CLANG_ANALYZER_NONNULL = YES;
				CLANG_ANALYZER_NUMBER_OBJECT_CONVERSION = YES_AGGRESSIVE;
				CLANG_CXX_LANGUAGE_STANDARD = "gnu++0x";
				CLANG_CXX_LIBRARY = "libc++";
				CLANG_ENABLE_MODULES = YES;
				CLANG_ENABLE_OBJC_ARC = YES;
				CLANG_WARN_BOOL_CONVERSION = YES;
				CLANG_WARN_CONSTANT_CONVERSION = YES;
				CLANG_WARN_DIRECT_OBJC_ISA_USAGE = YES_ERROR;
				CLANG_WARN_DOCUMENTATION_COMMENTS = YES;
				CLANG_WARN_EMPTY_BODY = YES;
				CLANG_WARN_ENUM_CONVERSION = YES;
				CLANG_WARN_INFINITE_RECURSION = YES;
				CLANG_WARN_INT_CONVERSION = YES;
				CLANG_WARN_OBJC_ROOT_CLASS = YES_ERROR;
				CLANG_WARN_SUSPICIOUS_MOVE = YES;
				CLANG_WARN_UNREACHABLE_CODE = YES;
				CLANG_WARN__DUPLICATE_METHOD_MATCH = YES;
				"CODE_SIGN_IDENTITY[sdk=iphoneos*]" = "iPhone Developer";
				COPY_PHASE_STRIP = NO;
				DEBUG_INFORMATION_FORMAT = "dwarf-with-dsym";
				ENABLE_NS_ASSERTIONS = NO;
				ENABLE_STRICT_OBJC_MSGSEND = YES;
				GCC_C_LANGUAGE_STANDARD = gnu99;
				GCC_NO_COMMON_BLOCKS = YES;
				GCC_WARN_64_TO_32_BIT_CONVERSION = YES;
				GCC_WARN_ABOUT_RETURN_TYPE = YES_ERROR;
				GCC_WARN_UNDECLARED_SELECTOR = YES;
				GCC_WARN_UNINITIALIZED_AUTOS = YES_AGGRESSIVE;
				GCC_WARN_UNUSED_FUNCTION = YES;
				GCC_WARN_UNUSED_VARIABLE = YES;
				IPHONEOS_DEPLOYMENT_TARGET = 10.3;
				MTL_ENABLE_DEBUG_INFO = NO;
				SDKROOT = iphoneos;
				SWIFT_OPTIMIZATION_LEVEL = "-Owholemodule";
				TARGETED_DEVICE_FAMILY = "1,2";
				VALIDATE_PRODUCT = YES;
			};
			name = Release;
		};
		4E1A2C231EF233090029A3D2 /* Debug */ = {
			isa = XCBuildConfiguration;
			buildSettings = {
				ASSETCATALOG_COMPILER_APPICON_NAME = AppIcon;
				CLANG_ENABLE_MODULES = YES;
				INFOPLIST_FILE = SwiftContent/Info.plist;
				LD_RUNPATH_SEARCH_PATHS = "$(inherited) @executable_path/Frameworks";
				PRODUCT_BUNDLE_IDENTIFIER = "com.anji-allways.abc.SwiftContent";
				PRODUCT_NAME = "$(TARGET_NAME)";
				SWIFT_OBJC_BRIDGING_HEADER = "SwiftContent/Classes/Common/SwiftContent-Bridging-Header.h";
				SWIFT_OPTIMIZATION_LEVEL = "-Onone";
				SWIFT_VERSION = 3.0;
			};
			name = Debug;
		};
		4E1A2C241EF233090029A3D2 /* Release */ = {
			isa = XCBuildConfiguration;
			buildSettings = {
				ASSETCATALOG_COMPILER_APPICON_NAME = AppIcon;
				CLANG_ENABLE_MODULES = YES;
				INFOPLIST_FILE = SwiftContent/Info.plist;
				LD_RUNPATH_SEARCH_PATHS = "$(inherited) @executable_path/Frameworks";
				PRODUCT_BUNDLE_IDENTIFIER = "com.anji-allways.abc.SwiftContent";
				PRODUCT_NAME = "$(TARGET_NAME)";
				SWIFT_OBJC_BRIDGING_HEADER = "SwiftContent/Classes/Common/SwiftContent-Bridging-Header.h";
				SWIFT_VERSION = 3.0;
			};
			name = Release;
		};
		4E1A2C261EF233090029A3D2 /* Debug */ = {
			isa = XCBuildConfiguration;
			buildSettings = {
				ALWAYS_EMBED_SWIFT_STANDARD_LIBRARIES = YES;
				BUNDLE_LOADER = "$(TEST_HOST)";
				INFOPLIST_FILE = SwiftContentTests/Info.plist;
				LD_RUNPATH_SEARCH_PATHS = "$(inherited) @executable_path/Frameworks @loader_path/Frameworks";
				PRODUCT_BUNDLE_IDENTIFIER = "com.anji-allways.abc.SwiftContentTests";
				PRODUCT_NAME = "$(TARGET_NAME)";
				SWIFT_VERSION = 3.0;
				TEST_HOST = "$(BUILT_PRODUCTS_DIR)/SwiftContent.app/SwiftContent";
			};
			name = Debug;
		};
		4E1A2C271EF233090029A3D2 /* Release */ = {
			isa = XCBuildConfiguration;
			buildSettings = {
				ALWAYS_EMBED_SWIFT_STANDARD_LIBRARIES = YES;
				BUNDLE_LOADER = "$(TEST_HOST)";
				INFOPLIST_FILE = SwiftContentTests/Info.plist;
				LD_RUNPATH_SEARCH_PATHS = "$(inherited) @executable_path/Frameworks @loader_path/Frameworks";
				PRODUCT_BUNDLE_IDENTIFIER = "com.anji-allways.abc.SwiftContentTests";
				PRODUCT_NAME = "$(TARGET_NAME)";
				SWIFT_VERSION = 3.0;
				TEST_HOST = "$(BUILT_PRODUCTS_DIR)/SwiftContent.app/SwiftContent";
			};
			name = Release;
		};
		4E1A2C291EF233090029A3D2 /* Debug */ = {
			isa = XCBuildConfiguration;
			buildSettings = {
				ALWAYS_EMBED_SWIFT_STANDARD_LIBRARIES = YES;
				INFOPLIST_FILE = SwiftContentUITests/Info.plist;
				LD_RUNPATH_SEARCH_PATHS = "$(inherited) @executable_path/Frameworks @loader_path/Frameworks";
				PRODUCT_BUNDLE_IDENTIFIER = "com.anji-allways.abc.SwiftContentUITests";
				PRODUCT_NAME = "$(TARGET_NAME)";
				SWIFT_VERSION = 3.0;
				TEST_TARGET_NAME = SwiftContent;
			};
			name = Debug;
		};
		4E1A2C2A1EF233090029A3D2 /* Release */ = {
			isa = XCBuildConfiguration;
			buildSettings = {
				ALWAYS_EMBED_SWIFT_STANDARD_LIBRARIES = YES;
				INFOPLIST_FILE = SwiftContentUITests/Info.plist;
				LD_RUNPATH_SEARCH_PATHS = "$(inherited) @executable_path/Frameworks @loader_path/Frameworks";
				PRODUCT_BUNDLE_IDENTIFIER = "com.anji-allways.abc.SwiftContentUITests";
				PRODUCT_NAME = "$(TARGET_NAME)";
				SWIFT_VERSION = 3.0;
				TEST_TARGET_NAME = SwiftContent;
			};
			name = Release;
		};
/* End XCBuildConfiguration section */

/* Begin XCConfigurationList section */
		4E1A2BF51EF233090029A3D2 /* Build configuration list for PBXProject "SwiftContent" */ = {
			isa = XCConfigurationList;
			buildConfigurations = (
				4E1A2C201EF233090029A3D2 /* Debug */,
				4E1A2C211EF233090029A3D2 /* Release */,
			);
			defaultConfigurationIsVisible = 0;
			defaultConfigurationName = Release;
		};
		4E1A2C221EF233090029A3D2 /* Build configuration list for PBXNativeTarget "SwiftContent" */ = {
			isa = XCConfigurationList;
			buildConfigurations = (
				4E1A2C231EF233090029A3D2 /* Debug */,
				4E1A2C241EF233090029A3D2 /* Release */,
			);
			defaultConfigurationIsVisible = 0;
			defaultConfigurationName = Release;
		};
		4E1A2C251EF233090029A3D2 /* Build configuration list for PBXNativeTarget "SwiftContentTests" */ = {
			isa = XCConfigurationList;
			buildConfigurations = (
				4E1A2C261EF233090029A3D2 /* Debug */,
				4E1A2C271EF233090029A3D2 /* Release */,
			);
			defaultConfigurationIsVisible = 0;
			defaultConfigurationName = Release;
		};
		4E1A2C281EF233090029A3D2 /* Build configuration list for PBXNativeTarget "SwiftContentUITests" */ = {
			isa = XCConfigurationList;
			buildConfigurations = (
				4E1A2C291EF233090029A3D2 /* Debug */,
				4E1A2C2A1EF233090029A3D2 /* Release */,
			);
			defaultConfigurationIsVisible = 0;
			defaultConfigurationName = Release;
		};
/* End XCConfigurationList section */
	};
	rootObject = 4E1A2BF21EF233090029A3D2 /* Project object */;
}
